// !$*UTF8*$!
{
	archiveVersion = 1;
	classes = {
	};
	objectVersion = 50;
	objects = {

/* Begin PBXBuildFile section */
		629C7DE254389474C9D3D6D3 /* libPods-Practice_DividUITests.a in Frameworks */ = {isa = PBXBuildFile; fileRef = D05C4BC8988065D12A5566EA /* libPods-Practice_DividUITests.a */; };
		6A608B1E5723643C17BC7D34 /* libPods-Practice_DividTests.a in Frameworks */ = {isa = PBXBuildFile; fileRef = B3F5EE15C979110E053BE83D /* libPods-Practice_DividTests.a */; };
		6BDD9B2422DC456F007BDA19 /* Custom_Debug_DisURL.xcconfig in Resources */ = {isa = PBXBuildFile; fileRef = 6BDD9B2322DC456F007BDA19 /* Custom_Debug_DisURL.xcconfig */; };
		6BDD9B2622DC4938007BDA19 /* Custom_Debug_DevURL.xcconfig in Resources */ = {isa = PBXBuildFile; fileRef = 6BDD9B2522DC4938007BDA19 /* Custom_Debug_DevURL.xcconfig */; };
		6BDD9B2722DC4938007BDA19 /* Custom_Debug_DevURL.xcconfig in Resources */ = {isa = PBXBuildFile; fileRef = 6BDD9B2522DC4938007BDA19 /* Custom_Debug_DevURL.xcconfig */; };
		6BDD9B2822DC4938007BDA19 /* Custom_Debug_DevURL.xcconfig in Resources */ = {isa = PBXBuildFile; fileRef = 6BDD9B2522DC4938007BDA19 /* Custom_Debug_DevURL.xcconfig */; };
		6BE9D5B922DC3D5300946CE8 /* AppDelegate.swift in Sources */ = {isa = PBXBuildFile; fileRef = 6BE9D5B822DC3D5300946CE8 /* AppDelegate.swift */; };
		6BE9D5BB22DC3D5300946CE8 /* ViewController.swift in Sources */ = {isa = PBXBuildFile; fileRef = 6BE9D5BA22DC3D5300946CE8 /* ViewController.swift */; };
		6BE9D5BE22DC3D5300946CE8 /* Main.storyboard in Resources */ = {isa = PBXBuildFile; fileRef = 6BE9D5BC22DC3D5300946CE8 /* Main.storyboard */; };
		6BE9D5C122DC3D5300946CE8 /* Practice_Divid.xcdatamodeld in Sources */ = {isa = PBXBuildFile; fileRef = 6BE9D5BF22DC3D5300946CE8 /* Practice_Divid.xcdatamodeld */; };
		6BE9D5C322DC3D5400946CE8 /* Assets.xcassets in Resources */ = {isa = PBXBuildFile; fileRef = 6BE9D5C222DC3D5400946CE8 /* Assets.xcassets */; };
		6BE9D5C622DC3D5400946CE8 /* LaunchScreen.storyboard in Resources */ = {isa = PBXBuildFile; fileRef = 6BE9D5C422DC3D5400946CE8 /* LaunchScreen.storyboard */; };
		6BE9D5D122DC3D5400946CE8 /* Practice_DividTests.swift in Sources */ = {isa = PBXBuildFile; fileRef = 6BE9D5D022DC3D5400946CE8 /* Practice_DividTests.swift */; };
		6BE9D5DC22DC3D5400946CE8 /* Practice_DividUITests.swift in Sources */ = {isa = PBXBuildFile; fileRef = 6BE9D5DB22DC3D5400946CE8 /* Practice_DividUITests.swift */; };
		C86C5F573AD92F3BD130D9EE /* libPods-Practice_Divid.a in Frameworks */ = {isa = PBXBuildFile; fileRef = EDCC873BD08A27265EA3A851 /* libPods-Practice_Divid.a */; };
/* End PBXBuildFile section */

/* Begin PBXContainerItemProxy section */
		6BE9D5CD22DC3D5400946CE8 /* PBXContainerItemProxy */ = {
			isa = PBXContainerItemProxy;
			containerPortal = 6BE9D5AD22DC3D5300946CE8 /* Project object */;
			proxyType = 1;
			remoteGlobalIDString = 6BE9D5B422DC3D5300946CE8;
			remoteInfo = Practice_Divid;
		};
		6BE9D5D822DC3D5400946CE8 /* PBXContainerItemProxy */ = {
			isa = PBXContainerItemProxy;
			containerPortal = 6BE9D5AD22DC3D5300946CE8 /* Project object */;
			proxyType = 1;
			remoteGlobalIDString = 6BE9D5B422DC3D5300946CE8;
			remoteInfo = Practice_Divid;
		};
/* End PBXContainerItemProxy section */

/* Begin PBXFileReference section */
		007F7E656BBE92430E7D9C3F /* Pods-Practice_Divid.release.xcconfig */ = {isa = PBXFileReference; includeInIndex = 1; lastKnownFileType = text.xcconfig; name = "Pods-Practice_Divid.release.xcconfig"; path = "Target Support Files/Pods-Practice_Divid/Pods-Practice_Divid.release.xcconfig"; sourceTree = "<group>"; };
		3C1004A3395481C6F4E716E7 /* Pods-Practice_DividUITests.debug.xcconfig */ = {isa = PBXFileReference; includeInIndex = 1; lastKnownFileType = text.xcconfig; name = "Pods-Practice_DividUITests.debug.xcconfig"; path = "Target Support Files/Pods-Practice_DividUITests/Pods-Practice_DividUITests.debug.xcconfig"; sourceTree = "<group>"; };
		4959625E3F73F96E2F3B67F9 /* Pods-Practice_DividTests.release.xcconfig */ = {isa = PBXFileReference; includeInIndex = 1; lastKnownFileType = text.xcconfig; name = "Pods-Practice_DividTests.release.xcconfig"; path = "Target Support Files/Pods-Practice_DividTests/Pods-Practice_DividTests.release.xcconfig"; sourceTree = "<group>"; };
		6BDD9B2322DC456F007BDA19 /* Custom_Debug_DisURL.xcconfig */ = {isa = PBXFileReference; fileEncoding = 4; lastKnownFileType = text.xcconfig; path = Custom_Debug_DisURL.xcconfig; sourceTree = "<group>"; };
		6BDD9B2522DC4938007BDA19 /* Custom_Debug_DevURL.xcconfig */ = {isa = PBXFileReference; lastKnownFileType = text.xcconfig; path = Custom_Debug_DevURL.xcconfig; sourceTree = "<group>"; };
		6BE9D5B522DC3D5300946CE8 /* Practice_Divid.app */ = {isa = PBXFileReference; explicitFileType = wrapper.application; includeInIndex = 0; path = Practice_Divid.app; sourceTree = BUILT_PRODUCTS_DIR; };
		6BE9D5B822DC3D5300946CE8 /* AppDelegate.swift */ = {isa = PBXFileReference; lastKnownFileType = sourcecode.swift; path = AppDelegate.swift; sourceTree = "<group>"; };
		6BE9D5BA22DC3D5300946CE8 /* ViewController.swift */ = {isa = PBXFileReference; lastKnownFileType = sourcecode.swift; path = ViewController.swift; sourceTree = "<group>"; };
		6BE9D5BD22DC3D5300946CE8 /* Base */ = {isa = PBXFileReference; lastKnownFileType = file.storyboard; name = Base; path = Base.lproj/Main.storyboard; sourceTree = "<group>"; };
		6BE9D5C022DC3D5300946CE8 /* Practice_Divid.xcdatamodel */ = {isa = PBXFileReference; lastKnownFileType = wrapper.xcdatamodel; path = Practice_Divid.xcdatamodel; sourceTree = "<group>"; };
		6BE9D5C222DC3D5400946CE8 /* Assets.xcassets */ = {isa = PBXFileReference; lastKnownFileType = folder.assetcatalog; path = Assets.xcassets; sourceTree = "<group>"; };
		6BE9D5C522DC3D5400946CE8 /* Base */ = {isa = PBXFileReference; lastKnownFileType = file.storyboard; name = Base; path = Base.lproj/LaunchScreen.storyboard; sourceTree = "<group>"; };
		6BE9D5C722DC3D5400946CE8 /* Info.plist */ = {isa = PBXFileReference; lastKnownFileType = text.plist.xml; path = Info.plist; sourceTree = "<group>"; };
		6BE9D5CC22DC3D5400946CE8 /* Practice_DividTests.xctest */ = {isa = PBXFileReference; explicitFileType = wrapper.cfbundle; includeInIndex = 0; path = Practice_DividTests.xctest; sourceTree = BUILT_PRODUCTS_DIR; };
		6BE9D5D022DC3D5400946CE8 /* Practice_DividTests.swift */ = {isa = PBXFileReference; lastKnownFileType = sourcecode.swift; path = Practice_DividTests.swift; sourceTree = "<group>"; };
		6BE9D5D222DC3D5400946CE8 /* Info.plist */ = {isa = PBXFileReference; lastKnownFileType = text.plist.xml; path = Info.plist; sourceTree = "<group>"; };
		6BE9D5D722DC3D5400946CE8 /* Practice_DividUITests.xctest */ = {isa = PBXFileReference; explicitFileType = wrapper.cfbundle; includeInIndex = 0; path = Practice_DividUITests.xctest; sourceTree = BUILT_PRODUCTS_DIR; };
		6BE9D5DB22DC3D5400946CE8 /* Practice_DividUITests.swift */ = {isa = PBXFileReference; lastKnownFileType = sourcecode.swift; path = Practice_DividUITests.swift; sourceTree = "<group>"; };
		6BE9D5DD22DC3D5400946CE8 /* Info.plist */ = {isa = PBXFileReference; lastKnownFileType = text.plist.xml; path = Info.plist; sourceTree = "<group>"; };
		9333C720BFACB29E416BE9E7 /* Pods-Practice_DividTests.debug.xcconfig */ = {isa = PBXFileReference; includeInIndex = 1; lastKnownFileType = text.xcconfig; name = "Pods-Practice_DividTests.debug.xcconfig"; path = "Target Support Files/Pods-Practice_DividTests/Pods-Practice_DividTests.debug.xcconfig"; sourceTree = "<group>"; };
		942959057C8214B6855A86C5 /* Pods-Practice_Divid.debug.xcconfig */ = {isa = PBXFileReference; includeInIndex = 1; lastKnownFileType = text.xcconfig; name = "Pods-Practice_Divid.debug.xcconfig"; path = "Target Support Files/Pods-Practice_Divid/Pods-Practice_Divid.debug.xcconfig"; sourceTree = "<group>"; };
		B3F5EE15C979110E053BE83D /* libPods-Practice_DividTests.a */ = {isa = PBXFileReference; explicitFileType = archive.ar; includeInIndex = 0; path = "libPods-Practice_DividTests.a"; sourceTree = BUILT_PRODUCTS_DIR; };
		BA2BA51FBC69DEF57BAB700E /* Pods-Practice_DividUITests.release.xcconfig */ = {isa = PBXFileReference; includeInIndex = 1; lastKnownFileType = text.xcconfig; name = "Pods-Practice_DividUITests.release.xcconfig"; path = "Target Support Files/Pods-Practice_DividUITests/Pods-Practice_DividUITests.release.xcconfig"; sourceTree = "<group>"; };
		D05C4BC8988065D12A5566EA /* libPods-Practice_DividUITests.a */ = {isa = PBXFileReference; explicitFileType = archive.ar; includeInIndex = 0; path = "libPods-Practice_DividUITests.a"; sourceTree = BUILT_PRODUCTS_DIR; };
		EDCC873BD08A27265EA3A851 /* libPods-Practice_Divid.a */ = {isa = PBXFileReference; explicitFileType = archive.ar; includeInIndex = 0; path = "libPods-Practice_Divid.a"; sourceTree = BUILT_PRODUCTS_DIR; };
/* End PBXFileReference section */

/* Begin PBXFrameworksBuildPhase section */
		6BE9D5B222DC3D5300946CE8 /* Frameworks */ = {
			isa = PBXFrameworksBuildPhase;
			buildActionMask = 2147483647;
			files = (
				C86C5F573AD92F3BD130D9EE /* libPods-Practice_Divid.a in Frameworks */,
			);
			runOnlyForDeploymentPostprocessing = 0;
		};
		6BE9D5C922DC3D5400946CE8 /* Frameworks */ = {
			isa = PBXFrameworksBuildPhase;
			buildActionMask = 2147483647;
			files = (
				6A608B1E5723643C17BC7D34 /* libPods-Practice_DividTests.a in Frameworks */,
			);
			runOnlyForDeploymentPostprocessing = 0;
		};
		6BE9D5D422DC3D5400946CE8 /* Frameworks */ = {
			isa = PBXFrameworksBuildPhase;
			buildActionMask = 2147483647;
			files = (
				629C7DE254389474C9D3D6D3 /* libPods-Practice_DividUITests.a in Frameworks */,
			);
			runOnlyForDeploymentPostprocessing = 0;
		};
/* End PBXFrameworksBuildPhase section */

/* Begin PBXGroup section */
		6BDD9B2222DC456F007BDA19 /* Config */ = {
			isa = PBXGroup;
			children = (
				6BDD9B2322DC456F007BDA19 /* Custom_Debug_DisURL.xcconfig */,
				6BDD9B2522DC4938007BDA19 /* Custom_Debug_DevURL.xcconfig */,
			);
			path = Config;
			sourceTree = "<group>";
		};
		6BE9D5AC22DC3D5300946CE8 = {
			isa = PBXGroup;
			children = (
				6BE9D5B722DC3D5300946CE8 /* Practice_Divid */,
				6BE9D5CF22DC3D5400946CE8 /* Practice_DividTests */,
				6BE9D5DA22DC3D5400946CE8 /* Practice_DividUITests */,
				6BE9D5B622DC3D5300946CE8 /* Products */,
				90C63FC4219CF189595C2E95 /* Pods */,
				FA752DB5C5E8188B5BE657DF /* Frameworks */,
			);
			sourceTree = "<group>";
		};
		6BE9D5B622DC3D5300946CE8 /* Products */ = {
			isa = PBXGroup;
			children = (
				6BE9D5B522DC3D5300946CE8 /* Practice_Divid.app */,
				6BE9D5CC22DC3D5400946CE8 /* Practice_DividTests.xctest */,
				6BE9D5D722DC3D5400946CE8 /* Practice_DividUITests.xctest */,
			);
			name = Products;
			sourceTree = "<group>";
		};
		6BE9D5B722DC3D5300946CE8 /* Practice_Divid */ = {
			isa = PBXGroup;
			children = (
				6BE9D5B822DC3D5300946CE8 /* AppDelegate.swift */,
				6BE9D5BA22DC3D5300946CE8 /* ViewController.swift */,
				6BE9D5BC22DC3D5300946CE8 /* Main.storyboard */,
				6BE9D5C222DC3D5400946CE8 /* Assets.xcassets */,
				6BE9D5C422DC3D5400946CE8 /* LaunchScreen.storyboard */,
				6BE9D5C722DC3D5400946CE8 /* Info.plist */,
				6BE9D5BF22DC3D5300946CE8 /* Practice_Divid.xcdatamodeld */,
				6BDD9B2222DC456F007BDA19 /* Config */,
			);
			path = Practice_Divid;
			sourceTree = "<group>";
		};
		6BE9D5CF22DC3D5400946CE8 /* Practice_DividTests */ = {
			isa = PBXGroup;
			children = (
				6BE9D5D022DC3D5400946CE8 /* Practice_DividTests.swift */,
				6BE9D5D222DC3D5400946CE8 /* Info.plist */,
			);
			path = Practice_DividTests;
			sourceTree = "<group>";
		};
		6BE9D5DA22DC3D5400946CE8 /* Practice_DividUITests */ = {
			isa = PBXGroup;
			children = (
				6BE9D5DB22DC3D5400946CE8 /* Practice_DividUITests.swift */,
				6BE9D5DD22DC3D5400946CE8 /* Info.plist */,
			);
			path = Practice_DividUITests;
			sourceTree = "<group>";
		};
		90C63FC4219CF189595C2E95 /* Pods */ = {
			isa = PBXGroup;
			children = (
				942959057C8214B6855A86C5 /* Pods-Practice_Divid.debug.xcconfig */,
				007F7E656BBE92430E7D9C3F /* Pods-Practice_Divid.release.xcconfig */,
				9333C720BFACB29E416BE9E7 /* Pods-Practice_DividTests.debug.xcconfig */,
				4959625E3F73F96E2F3B67F9 /* Pods-Practice_DividTests.release.xcconfig */,
				3C1004A3395481C6F4E716E7 /* Pods-Practice_DividUITests.debug.xcconfig */,
				BA2BA51FBC69DEF57BAB700E /* Pods-Practice_DividUITests.release.xcconfig */,
			);
			path = Pods;
			sourceTree = "<group>";
		};
		FA752DB5C5E8188B5BE657DF /* Frameworks */ = {
			isa = PBXGroup;
			children = (
				EDCC873BD08A27265EA3A851 /* libPods-Practice_Divid.a */,
				B3F5EE15C979110E053BE83D /* libPods-Practice_DividTests.a */,
				D05C4BC8988065D12A5566EA /* libPods-Practice_DividUITests.a */,
			);
			name = Frameworks;
			sourceTree = "<group>";
		};
/* End PBXGroup section */

/* Begin PBXNativeTarget section */
		6BE9D5B422DC3D5300946CE8 /* Practice_Divid */ = {
			isa = PBXNativeTarget;
			buildConfigurationList = 6BE9D5E022DC3D5400946CE8 /* Build configuration list for PBXNativeTarget "Practice_Divid" */;
			buildPhases = (
				ED73FB591A719DC9C89AC5D2 /* [CP] Check Pods Manifest.lock */,
				6BE9D5B122DC3D5300946CE8 /* Sources */,
				6BE9D5B222DC3D5300946CE8 /* Frameworks */,
				6BE9D5B322DC3D5300946CE8 /* Resources */,
			);
			buildRules = (
			);
			dependencies = (
			);
			name = Practice_Divid;
			productName = Practice_Divid;
			productReference = 6BE9D5B522DC3D5300946CE8 /* Practice_Divid.app */;
			productType = "com.apple.product-type.application";
		};
		6BE9D5CB22DC3D5400946CE8 /* Practice_DividTests */ = {
			isa = PBXNativeTarget;
			buildConfigurationList = 6BE9D5E322DC3D5400946CE8 /* Build configuration list for PBXNativeTarget "Practice_DividTests" */;
			buildPhases = (
				C1C927B42471D6E31E1822E9 /* [CP] Check Pods Manifest.lock */,
				6BE9D5C822DC3D5400946CE8 /* Sources */,
				6BE9D5C922DC3D5400946CE8 /* Frameworks */,
				6BE9D5CA22DC3D5400946CE8 /* Resources */,
			);
			buildRules = (
			);
			dependencies = (
				6BE9D5CE22DC3D5400946CE8 /* PBXTargetDependency */,
			);
			name = Practice_DividTests;
			productName = Practice_DividTests;
			productReference = 6BE9D5CC22DC3D5400946CE8 /* Practice_DividTests.xctest */;
			productType = "com.apple.product-type.bundle.unit-test";
		};
		6BE9D5D622DC3D5400946CE8 /* Practice_DividUITests */ = {
			isa = PBXNativeTarget;
			buildConfigurationList = 6BE9D5E622DC3D5400946CE8 /* Build configuration list for PBXNativeTarget "Practice_DividUITests" */;
			buildPhases = (
				62F42B1B7E9DD8AEA55914F5 /* [CP] Check Pods Manifest.lock */,
				6BE9D5D322DC3D5400946CE8 /* Sources */,
				6BE9D5D422DC3D5400946CE8 /* Frameworks */,
				6BE9D5D522DC3D5400946CE8 /* Resources */,
			);
			buildRules = (
			);
			dependencies = (
				6BE9D5D922DC3D5400946CE8 /* PBXTargetDependency */,
			);
			name = Practice_DividUITests;
			productName = Practice_DividUITests;
			productReference = 6BE9D5D722DC3D5400946CE8 /* Practice_DividUITests.xctest */;
			productType = "com.apple.product-type.bundle.ui-testing";
		};
/* End PBXNativeTarget section */

/* Begin PBXProject section */
		6BE9D5AD22DC3D5300946CE8 /* Project object */ = {
			isa = PBXProject;
			attributes = {
				LastSwiftUpdateCheck = 1020;
				LastUpgradeCheck = 1020;
				ORGANIZATIONNAME = kimjiseob;
				TargetAttributes = {
					6BE9D5B422DC3D5300946CE8 = {
						CreatedOnToolsVersion = 10.2.1;
					};
					6BE9D5CB22DC3D5400946CE8 = {
						CreatedOnToolsVersion = 10.2.1;
						TestTargetID = 6BE9D5B422DC3D5300946CE8;
					};
					6BE9D5D622DC3D5400946CE8 = {
						CreatedOnToolsVersion = 10.2.1;
						TestTargetID = 6BE9D5B422DC3D5300946CE8;
					};
				};
			};
			buildConfigurationList = 6BE9D5B022DC3D5300946CE8 /* Build configuration list for PBXProject "Practice_Divid" */;
			compatibilityVersion = "Xcode 9.3";
			developmentRegion = en;
			hasScannedForEncodings = 0;
			knownRegions = (
				en,
				Base,
			);
			mainGroup = 6BE9D5AC22DC3D5300946CE8;
			productRefGroup = 6BE9D5B622DC3D5300946CE8 /* Products */;
			projectDirPath = "";
			projectRoot = "";
			targets = (
				6BE9D5B422DC3D5300946CE8 /* Practice_Divid */,
				6BE9D5CB22DC3D5400946CE8 /* Practice_DividTests */,
				6BE9D5D622DC3D5400946CE8 /* Practice_DividUITests */,
			);
		};
/* End PBXProject section */

/* Begin PBXResourcesBuildPhase section */
		6BE9D5B322DC3D5300946CE8 /* Resources */ = {
			isa = PBXResourcesBuildPhase;
			buildActionMask = 2147483647;
			files = (
				6BE9D5C622DC3D5400946CE8 /* LaunchScreen.storyboard in Resources */,
				6BDD9B2622DC4938007BDA19 /* Custom_Debug_DevURL.xcconfig in Resources */,
				6BE9D5C322DC3D5400946CE8 /* Assets.xcassets in Resources */,
				6BDD9B2422DC456F007BDA19 /* Custom_Debug_DisURL.xcconfig in Resources */,
				6BE9D5BE22DC3D5300946CE8 /* Main.storyboard in Resources */,
			);
			runOnlyForDeploymentPostprocessing = 0;
		};
		6BE9D5CA22DC3D5400946CE8 /* Resources */ = {
			isa = PBXResourcesBuildPhase;
			buildActionMask = 2147483647;
			files = (
				6BDD9B2722DC4938007BDA19 /* Custom_Debug_DevURL.xcconfig in Resources */,
			);
			runOnlyForDeploymentPostprocessing = 0;
		};
		6BE9D5D522DC3D5400946CE8 /* Resources */ = {
			isa = PBXResourcesBuildPhase;
			buildActionMask = 2147483647;
			files = (
				6BDD9B2822DC4938007BDA19 /* Custom_Debug_DevURL.xcconfig in Resources */,
			);
			runOnlyForDeploymentPostprocessing = 0;
		};
/* End PBXResourcesBuildPhase section */

/* Begin PBXShellScriptBuildPhase section */
		62F42B1B7E9DD8AEA55914F5 /* [CP] Check Pods Manifest.lock */ = {
			isa = PBXShellScriptBuildPhase;
			buildActionMask = 2147483647;
			files = (
			);
			inputFileListPaths = (
			);
			inputPaths = (
				"${PODS_PODFILE_DIR_PATH}/Podfile.lock",
				"${PODS_ROOT}/Manifest.lock",
			);
			name = "[CP] Check Pods Manifest.lock";
			outputFileListPaths = (
			);
			outputPaths = (
				"$(DERIVED_FILE_DIR)/Pods-Practice_DividUITests-checkManifestLockResult.txt",
			);
			runOnlyForDeploymentPostprocessing = 0;
			shellPath = /bin/sh;
			shellScript = "diff \"${PODS_PODFILE_DIR_PATH}/Podfile.lock\" \"${PODS_ROOT}/Manifest.lock\" > /dev/null\nif [ $? != 0 ] ; then\n    # print error to STDERR\n    echo \"error: The sandbox is not in sync with the Podfile.lock. Run 'pod install' or update your CocoaPods installation.\" >&2\n    exit 1\nfi\n# This output is used by Xcode 'outputs' to avoid re-running this script phase.\necho \"SUCCESS\" > \"${SCRIPT_OUTPUT_FILE_0}\"\n";
			showEnvVarsInLog = 0;
		};
		C1C927B42471D6E31E1822E9 /* [CP] Check Pods Manifest.lock */ = {
			isa = PBXShellScriptBuildPhase;
			buildActionMask = 2147483647;
			files = (
			);
			inputFileListPaths = (
			);
			inputPaths = (
				"${PODS_PODFILE_DIR_PATH}/Podfile.lock",
				"${PODS_ROOT}/Manifest.lock",
			);
			name = "[CP] Check Pods Manifest.lock";
			outputFileListPaths = (
			);
			outputPaths = (
				"$(DERIVED_FILE_DIR)/Pods-Practice_DividTests-checkManifestLockResult.txt",
			);
			runOnlyForDeploymentPostprocessing = 0;
			shellPath = /bin/sh;
			shellScript = "diff \"${PODS_PODFILE_DIR_PATH}/Podfile.lock\" \"${PODS_ROOT}/Manifest.lock\" > /dev/null\nif [ $? != 0 ] ; then\n    # print error to STDERR\n    echo \"error: The sandbox is not in sync with the Podfile.lock. Run 'pod install' or update your CocoaPods installation.\" >&2\n    exit 1\nfi\n# This output is used by Xcode 'outputs' to avoid re-running this script phase.\necho \"SUCCESS\" > \"${SCRIPT_OUTPUT_FILE_0}\"\n";
			showEnvVarsInLog = 0;
		};
		ED73FB591A719DC9C89AC5D2 /* [CP] Check Pods Manifest.lock */ = {
			isa = PBXShellScriptBuildPhase;
			buildActionMask = 2147483647;
			files = (
			);
			inputFileListPaths = (
			);
			inputPaths = (
				"${PODS_PODFILE_DIR_PATH}/Podfile.lock",
				"${PODS_ROOT}/Manifest.lock",
			);
			name = "[CP] Check Pods Manifest.lock";
			outputFileListPaths = (
			);
			outputPaths = (
				"$(DERIVED_FILE_DIR)/Pods-Practice_Divid-checkManifestLockResult.txt",
			);
			runOnlyForDeploymentPostprocessing = 0;
			shellPath = /bin/sh;
			shellScript = "diff \"${PODS_PODFILE_DIR_PATH}/Podfile.lock\" \"${PODS_ROOT}/Manifest.lock\" > /dev/null\nif [ $? != 0 ] ; then\n    # print error to STDERR\n    echo \"error: The sandbox is not in sync with the Podfile.lock. Run 'pod install' or update your CocoaPods installation.\" >&2\n    exit 1\nfi\n# This output is used by Xcode 'outputs' to avoid re-running this script phase.\necho \"SUCCESS\" > \"${SCRIPT_OUTPUT_FILE_0}\"\n";
			showEnvVarsInLog = 0;
		};
/* End PBXShellScriptBuildPhase section */

/* Begin PBXSourcesBuildPhase section */
		6BE9D5B122DC3D5300946CE8 /* Sources */ = {
			isa = PBXSourcesBuildPhase;
			buildActionMask = 2147483647;
			files = (
				6BE9D5BB22DC3D5300946CE8 /* ViewController.swift in Sources */,
				6BE9D5B922DC3D5300946CE8 /* AppDelegate.swift in Sources */,
				6BE9D5C122DC3D5300946CE8 /* Practice_Divid.xcdatamodeld in Sources */,
			);
			runOnlyForDeploymentPostprocessing = 0;
		};
		6BE9D5C822DC3D5400946CE8 /* Sources */ = {
			isa = PBXSourcesBuildPhase;
			buildActionMask = 2147483647;
			files = (
				6BE9D5D122DC3D5400946CE8 /* Practice_DividTests.swift in Sources */,
			);
			runOnlyForDeploymentPostprocessing = 0;
		};
		6BE9D5D322DC3D5400946CE8 /* Sources */ = {
			isa = PBXSourcesBuildPhase;
			buildActionMask = 2147483647;
			files = (
				6BE9D5DC22DC3D5400946CE8 /* Practice_DividUITests.swift in Sources */,
			);
			runOnlyForDeploymentPostprocessing = 0;
		};
/* End PBXSourcesBuildPhase section */

/* Begin PBXTargetDependency section */
		6BE9D5CE22DC3D5400946CE8 /* PBXTargetDependency */ = {
			isa = PBXTargetDependency;
			target = 6BE9D5B422DC3D5300946CE8 /* Practice_Divid */;
			targetProxy = 6BE9D5CD22DC3D5400946CE8 /* PBXContainerItemProxy */;
		};
		6BE9D5D922DC3D5400946CE8 /* PBXTargetDependency */ = {
			isa = PBXTargetDependency;
			target = 6BE9D5B422DC3D5300946CE8 /* Practice_Divid */;
			targetProxy = 6BE9D5D822DC3D5400946CE8 /* PBXContainerItemProxy */;
		};
/* End PBXTargetDependency section */

/* Begin PBXVariantGroup section */
		6BE9D5BC22DC3D5300946CE8 /* Main.storyboard */ = {
			isa = PBXVariantGroup;
			children = (
				6BE9D5BD22DC3D5300946CE8 /* Base */,
			);
			name = Main.storyboard;
			sourceTree = "<group>";
		};
		6BE9D5C422DC3D5400946CE8 /* LaunchScreen.storyboard */ = {
			isa = PBXVariantGroup;
			children = (
				6BE9D5C522DC3D5400946CE8 /* Base */,
			);
			name = LaunchScreen.storyboard;
			sourceTree = "<group>";
		};
/* End PBXVariantGroup section */

/* Begin XCBuildConfiguration section */
		6BE9D5DE22DC3D5400946CE8 /* Debug */ = {
			isa = XCBuildConfiguration;
			buildSettings = {
				ALWAYS_SEARCH_USER_PATHS = NO;
				CLANG_ANALYZER_NONNULL = YES;
				CLANG_ANALYZER_NUMBER_OBJECT_CONVERSION = YES_AGGRESSIVE;
				CLANG_CXX_LANGUAGE_STANDARD = "gnu++14";
				CLANG_CXX_LIBRARY = "libc++";
				CLANG_ENABLE_MODULES = YES;
				CLANG_ENABLE_OBJC_ARC = YES;
				CLANG_ENABLE_OBJC_WEAK = YES;
				CLANG_WARN_BLOCK_CAPTURE_AUTORELEASING = YES;
				CLANG_WARN_BOOL_CONVERSION = YES;
				CLANG_WARN_COMMA = YES;
				CLANG_WARN_CONSTANT_CONVERSION = YES;
				CLANG_WARN_DEPRECATED_OBJC_IMPLEMENTATIONS = YES;
				CLANG_WARN_DIRECT_OBJC_ISA_USAGE = YES_ERROR;
				CLANG_WARN_DOCUMENTATION_COMMENTS = YES;
				CLANG_WARN_EMPTY_BODY = YES;
				CLANG_WARN_ENUM_CONVERSION = YES;
				CLANG_WARN_INFINITE_RECURSION = YES;
				CLANG_WARN_INT_CONVERSION = YES;
				CLANG_WARN_NON_LITERAL_NULL_CONVERSION = YES;
				CLANG_WARN_OBJC_IMPLICIT_RETAIN_SELF = YES;
				CLANG_WARN_OBJC_LITERAL_CONVERSION = YES;
				CLANG_WARN_OBJC_ROOT_CLASS = YES_ERROR;
				CLANG_WARN_RANGE_LOOP_ANALYSIS = YES;
				CLANG_WARN_STRICT_PROTOTYPES = YES;
				CLANG_WARN_SUSPICIOUS_MOVE = YES;
				CLANG_WARN_UNGUARDED_AVAILABILITY = YES_AGGRESSIVE;
				CLANG_WARN_UNREACHABLE_CODE = YES;
				CLANG_WARN__DUPLICATE_METHOD_MATCH = YES;
				CODE_SIGN_IDENTITY = "iPhone Developer";
				COPY_PHASE_STRIP = NO;
				DEBUG_INFORMATION_FORMAT = dwarf;
				ENABLE_STRICT_OBJC_MSGSEND = YES;
				ENABLE_TESTABILITY = YES;
				GCC_C_LANGUAGE_STANDARD = gnu11;
				GCC_DYNAMIC_NO_PIC = NO;
				GCC_NO_COMMON_BLOCKS = YES;
				GCC_OPTIMIZATION_LEVEL = 0;
				GCC_PREPROCESSOR_DEFINITIONS = (
					"DEBUG=1",
					"$(inherited)",
				);
				GCC_WARN_64_TO_32_BIT_CONVERSION = YES;
				GCC_WARN_ABOUT_RETURN_TYPE = YES_ERROR;
				GCC_WARN_UNDECLARED_SELECTOR = YES;
				GCC_WARN_UNINITIALIZED_AUTOS = YES_AGGRESSIVE;
				GCC_WARN_UNUSED_FUNCTION = YES;
				GCC_WARN_UNUSED_VARIABLE = YES;
				IPHONEOS_DEPLOYMENT_TARGET = 12.2;
				MTL_ENABLE_DEBUG_INFO = INCLUDE_SOURCE;
				MTL_FAST_MATH = YES;
				ONLY_ACTIVE_ARCH = YES;
				SDKROOT = iphoneos;
				SERVER_URL = "$(inherited)";
				SWIFT_ACTIVE_COMPILATION_CONDITIONS = DEBUG;
				SWIFT_OPTIMIZATION_LEVEL = "-Onone";
			};
			name = Debug;
		};
		6BE9D5DF22DC3D5400946CE8 /* Release */ = {
			isa = XCBuildConfiguration;
			buildSettings = {
				ALWAYS_SEARCH_USER_PATHS = NO;
				CLANG_ANALYZER_NONNULL = YES;
				CLANG_ANALYZER_NUMBER_OBJECT_CONVERSION = YES_AGGRESSIVE;
				CLANG_CXX_LANGUAGE_STANDARD = "gnu++14";
				CLANG_CXX_LIBRARY = "libc++";
				CLANG_ENABLE_MODULES = YES;
				CLANG_ENABLE_OBJC_ARC = YES;
				CLANG_ENABLE_OBJC_WEAK = YES;
				CLANG_WARN_BLOCK_CAPTURE_AUTORELEASING = YES;
				CLANG_WARN_BOOL_CONVERSION = YES;
				CLANG_WARN_COMMA = YES;
				CLANG_WARN_CONSTANT_CONVERSION = YES;
				CLANG_WARN_DEPRECATED_OBJC_IMPLEMENTATIONS = YES;
				CLANG_WARN_DIRECT_OBJC_ISA_USAGE = YES_ERROR;
				CLANG_WARN_DOCUMENTATION_COMMENTS = YES;
				CLANG_WARN_EMPTY_BODY = YES;
				CLANG_WARN_ENUM_CONVERSION = YES;
				CLANG_WARN_INFINITE_RECURSION = YES;
				CLANG_WARN_INT_CONVERSION = YES;
				CLANG_WARN_NON_LITERAL_NULL_CONVERSION = YES;
				CLANG_WARN_OBJC_IMPLICIT_RETAIN_SELF = YES;
				CLANG_WARN_OBJC_LITERAL_CONVERSION = YES;
				CLANG_WARN_OBJC_ROOT_CLASS = YES_ERROR;
				CLANG_WARN_RANGE_LOOP_ANALYSIS = YES;
				CLANG_WARN_STRICT_PROTOTYPES = YES;
				CLANG_WARN_SUSPICIOUS_MOVE = YES;
				CLANG_WARN_UNGUARDED_AVAILABILITY = YES_AGGRESSIVE;
				CLANG_WARN_UNREACHABLE_CODE = YES;
				CLANG_WARN__DUPLICATE_METHOD_MATCH = YES;
				CODE_SIGN_IDENTITY = "iPhone Developer";
				COPY_PHASE_STRIP = NO;
				DEBUG_INFORMATION_FORMAT = "dwarf-with-dsym";
				ENABLE_NS_ASSERTIONS = NO;
				ENABLE_STRICT_OBJC_MSGSEND = YES;
				GCC_C_LANGUAGE_STANDARD = gnu11;
				GCC_NO_COMMON_BLOCKS = YES;
				GCC_WARN_64_TO_32_BIT_CONVERSION = YES;
				GCC_WARN_ABOUT_RETURN_TYPE = YES_ERROR;
				GCC_WARN_UNDECLARED_SELECTOR = YES;
				GCC_WARN_UNINITIALIZED_AUTOS = YES_AGGRESSIVE;
				GCC_WARN_UNUSED_FUNCTION = YES;
				GCC_WARN_UNUSED_VARIABLE = YES;
				IPHONEOS_DEPLOYMENT_TARGET = 12.2;
				MTL_ENABLE_DEBUG_INFO = NO;
				MTL_FAST_MATH = YES;
				SDKROOT = iphoneos;
				SERVER_URL = "$(inherited)";
				SWIFT_COMPILATION_MODE = wholemodule;
				SWIFT_OPTIMIZATION_LEVEL = "-O";
				VALIDATE_PRODUCT = YES;
			};
			name = Release;
		};
		6BE9D5E122DC3D5400946CE8 /* Debug */ = {
			isa = XCBuildConfiguration;
			baseConfigurationReference = 6BDD9B2322DC456F007BDA19 /* Custom_Debug_DisURL.xcconfig */;
			buildSettings = {
				APP_DISPLAY_NAME = "$(inherited)";
				ASSETCATALOG_COMPILER_APPICON_NAME = AppIcon;
				CODE_SIGN_STYLE = Automatic;
				DEVELOPMENT_TEAM = 689KAW4595;
				INFOPLIST_FILE = Practice_Divid/Info.plist;
				LD_RUNPATH_SEARCH_PATHS = (
					"$(inherited)",
					"@executable_path/Frameworks",
				);
				PRODUCT_BUNDLE_IDENTIFIER = "$(inherited)";
				PRODUCT_NAME = "$(TARGET_NAME)";
				SERVER_URL = "$(inherited)";
				SWIFT_VERSION = 5.0;
				TARGETED_DEVICE_FAMILY = "1,2";
			};
			name = Debug;
		};
		6BE9D5E222DC3D5400946CE8 /* Release */ = {
			isa = XCBuildConfiguration;
			baseConfigurationReference = 942959057C8214B6855A86C5 /* Pods-Practice_Divid.debug.xcconfig */;
			buildSettings = {
				APP_DISPLAY_NAME = "";
				ASSETCATALOG_COMPILER_APPICON_NAME = AppIcon;
				CODE_SIGN_STYLE = Automatic;
				DEVELOPMENT_TEAM = 689KAW4595;
				INFOPLIST_FILE = Practice_Divid/Info.plist;
				LD_RUNPATH_SEARCH_PATHS = (
					"$(inherited)",
					"@executable_path/Frameworks",
				);
				PRODUCT_BUNDLE_IDENTIFIER = "$(inherited)";
				PRODUCT_NAME = "$(TARGET_NAME)";
				SERVER_URL = "$(inherited)";
				SWIFT_VERSION = 5.0;
				TARGETED_DEVICE_FAMILY = "1,2";
			};
			name = Release;
		};
		6BE9D5E422DC3D5400946CE8 /* Debug */ = {
			isa = XCBuildConfiguration;
			baseConfigurationReference = 9333C720BFACB29E416BE9E7 /* Pods-Practice_DividTests.debug.xcconfig */;
			buildSettings = {
				ALWAYS_EMBED_SWIFT_STANDARD_LIBRARIES = YES;
				BUNDLE_LOADER = "$(TEST_HOST)";
				CODE_SIGN_STYLE = Automatic;
				DEVELOPMENT_TEAM = 689KAW4595;
				INFOPLIST_FILE = Practice_DividTests/Info.plist;
				LD_RUNPATH_SEARCH_PATHS = (
					"$(inherited)",
					"@executable_path/Frameworks",
					"@loader_path/Frameworks",
				);
				PRODUCT_BUNDLE_IDENTIFIER = "com.KJS.Practice-DividTests";
				PRODUCT_NAME = "$(TARGET_NAME)";
				SWIFT_VERSION = 5.0;
				TARGETED_DEVICE_FAMILY = "1,2";
				TEST_HOST = "$(BUILT_PRODUCTS_DIR)/Practice_Divid.app/Practice_Divid";
			};
			name = Debug;
		};
		6BE9D5E522DC3D5400946CE8 /* Release */ = {
			isa = XCBuildConfiguration;
			baseConfigurationReference = 4959625E3F73F96E2F3B67F9 /* Pods-Practice_DividTests.release.xcconfig */;
			buildSettings = {
				ALWAYS_EMBED_SWIFT_STANDARD_LIBRARIES = YES;
				BUNDLE_LOADER = "$(TEST_HOST)";
				CODE_SIGN_STYLE = Automatic;
				DEVELOPMENT_TEAM = 689KAW4595;
				INFOPLIST_FILE = Practice_DividTests/Info.plist;
				LD_RUNPATH_SEARCH_PATHS = (
					"$(inherited)",
					"@executable_path/Frameworks",
					"@loader_path/Frameworks",
				);
				PRODUCT_BUNDLE_IDENTIFIER = "com.KJS.Practice-DividTests";
				PRODUCT_NAME = "$(TARGET_NAME)";
				SWIFT_VERSION = 5.0;
				TARGETED_DEVICE_FAMILY = "1,2";
				TEST_HOST = "$(BUILT_PRODUCTS_DIR)/Practice_Divid.app/Practice_Divid";
			};
			name = Release;
		};
		6BE9D5E722DC3D5400946CE8 /* Debug */ = {
			isa = XCBuildConfiguration;
			baseConfigurationReference = 3C1004A3395481C6F4E716E7 /* Pods-Practice_DividUITests.debug.xcconfig */;
			buildSettings = {
				ALWAYS_EMBED_SWIFT_STANDARD_LIBRARIES = YES;
				CODE_SIGN_STYLE = Automatic;
				DEVELOPMENT_TEAM = 689KAW4595;
				INFOPLIST_FILE = Practice_DividUITests/Info.plist;
				LD_RUNPATH_SEARCH_PATHS = (
					"$(inherited)",
					"@executable_path/Frameworks",
					"@loader_path/Frameworks",
				);
				PRODUCT_BUNDLE_IDENTIFIER = "com.KJS.Practice-DividUITests";
				PRODUCT_NAME = "$(TARGET_NAME)";
				SWIFT_VERSION = 5.0;
				TARGETED_DEVICE_FAMILY = "1,2";
				TEST_TARGET_NAME = Practice_Divid;
			};
			name = Debug;
		};
		6BE9D5E822DC3D5400946CE8 /* Release */ = {
			isa = XCBuildConfiguration;
			baseConfigurationReference = BA2BA51FBC69DEF57BAB700E /* Pods-Practice_DividUITests.release.xcconfig */;
			buildSettings = {
				ALWAYS_EMBED_SWIFT_STANDARD_LIBRARIES = YES;
				CODE_SIGN_STYLE = Automatic;
				DEVELOPMENT_TEAM = 689KAW4595;
				INFOPLIST_FILE = Practice_DividUITests/Info.plist;
				LD_RUNPATH_SEARCH_PATHS = (
					"$(inherited)",
					"@executable_path/Frameworks",
					"@loader_path/Frameworks",
				);
				PRODUCT_BUNDLE_IDENTIFIER = "com.KJS.Practice-DividUITests";
				PRODUCT_NAME = "$(TARGET_NAME)";
				SWIFT_VERSION = 5.0;
				TARGETED_DEVICE_FAMILY = "1,2";
				TEST_TARGET_NAME = Practice_Divid;
			};
			name = Release;
		};
/* End XCBuildConfiguration section */

/* Begin XCConfigurationList section */
		6BE9D5B022DC3D5300946CE8 /* Build configuration list for PBXProject "Practice_Divid" */ = {
			isa = XCConfigurationList;
			buildConfigurations = (
				6BE9D5DE22DC3D5400946CE8 /* Debug */,
				6BE9D5DF22DC3D5400946CE8 /* Release */,
			);
			defaultConfigurationIsVisible = 0;
			defaultConfigurationName = Release;
		};
		6BE9D5E022DC3D5400946CE8 /* Build configuration list for PBXNativeTarget "Practice_Divid" */ = {
			isa = XCConfigurationList;
			buildConfigurations = (
				6BE9D5E122DC3D5400946CE8 /* Debug */,
				6BE9D5E222DC3D5400946CE8 /* Release */,
			);
			defaultConfigurationIsVisible = 0;
			defaultConfigurationName = Release;
		};
		6BE9D5E322DC3D5400946CE8 /* Build configuration list for PBXNativeTarget "Practice_DividTests" */ = {
			isa = XCConfigurationList;
			buildConfigurations = (
				6BE9D5E422DC3D5400946CE8 /* Debug */,
				6BE9D5E522DC3D5400946CE8 /* Release */,
			);
			defaultConfigurationIsVisible = 0;
			defaultConfigurationName = Release;
		};
		6BE9D5E622DC3D5400946CE8 /* Build configuration list for PBXNativeTarget "Practice_DividUITests" */ = {
			isa = XCConfigurationList;
			buildConfigurations = (
				6BE9D5E722DC3D5400946CE8 /* Debug */,
				6BE9D5E822DC3D5400946CE8 /* Release */,
			);
			defaultConfigurationIsVisible = 0;
			defaultConfigurationName = Release;
		};
/* End XCConfigurationList section */

/* Begin XCVersionGroup section */
		6BE9D5BF22DC3D5300946CE8 /* Practice_Divid.xcdatamodeld */ = {
			isa = XCVersionGroup;
			children = (
				6BE9D5C022DC3D5300946CE8 /* Practice_Divid.xcdatamodel */,
			);
			currentVersion = 6BE9D5C022DC3D5300946CE8 /* Practice_Divid.xcdatamodel */;
			path = Practice_Divid.xcdatamodeld;
			sourceTree = "<group>";
			versionGroupType = wrapper.xcdatamodel;
		};
/* End XCVersionGroup section */
	};
	rootObject = 6BE9D5AD22DC3D5300946CE8 /* Project object */;
}
